
Microsoft Visual Studio Solution File, Format Version 12.00
# Visual Studio Version 17
VisualStudioVersion = 17.5.002.0
MinimumVisualStudioVersion = 10.0.40219.1
Project("{9A19103F-16F7-4668-BE54-9A1E7A4F7556}") = "Console-Csharp", "Console-Csharp.csproj", "{F37A4282-93B8-4FCE-8A92-E96678E5186B}"
EndProject
Global
	GlobalSection(SolutionConfigurationPlatforms) = preSolution
		Debug|Any CPU = Debug|Any CPU
		Release|Any CPU = Release|Any CPU
	EndGlobalSection
	GlobalSection(ProjectConfigurationPlatforms) = postSolution
		{F37A4282-93B8-4FCE-8A92-E96678E5186B}.Debug|Any CPU.ActiveCfg = Debug|Any CPU
		{F37A4282-93B8-4FCE-8A92-E96678E5186B}.Debug|Any CPU.Build.0 = Debug|Any CPU
		{F37A4282-93B8-4FCE-8A92-E96678E5186B}.Release|Any CPU.ActiveCfg = Release|Any CPU
		{F37A4282-93B8-4FCE-8A92-E96678E5186B}.Release|Any CPU.Build.0 = Release|Any CPU
	EndGlobalSection
	GlobalSection(SolutionProperties) = preSolution
		HideSolutionNode = FALSE
	EndGlobalSection
	GlobalSection(ExtensibilityGlobals) = postSolution
		SolutionGuid = {363277F6-43B4-40CC-9297-A89AF01A7603}
	EndGlobalSection
EndGlobal
